// !$*UTF8*$!
{
	archiveVersion = 1;
	classes = {
	};
	objectVersion = 46;
	objects = {

/* Begin PBXBuildFile section */
		431E4B1719343408009735CA /* VictorySteps.xcdatamodeld in Sources */ = {isa = PBXBuildFile; fileRef = 431E4B1519343408009735CA /* VictorySteps.xcdatamodeld */; };
		434DAB41192C8D6700CA85A2 /* VSMainMenuViewController.m in Sources */ = {isa = PBXBuildFile; fileRef = 434DAB3E192C8D6700CA85A2 /* VSMainMenuViewController.m */; };
		434DAB42192C8D6700CA85A2 /* VSRootViewController.m in Sources */ = {isa = PBXBuildFile; fileRef = 434DAB40192C8D6700CA85A2 /* VSRootViewController.m */; };
		436422FA193468C000C9F02C /* VSModelOccuredStep.m in Sources */ = {isa = PBXBuildFile; fileRef = 436422F9193468C000C9F02C /* VSModelOccuredStep.m */; };
		436422FD193468C000C9F02C /* VSModelStepSeries.m in Sources */ = {isa = PBXBuildFile; fileRef = 436422FC193468C000C9F02C /* VSModelStepSeries.m */; };
		438102641918E65100F21042 /* Foundation.framework in Frameworks */ = {isa = PBXBuildFile; fileRef = 438102631918E65100F21042 /* Foundation.framework */; };
		438102661918E65100F21042 /* CoreGraphics.framework in Frameworks */ = {isa = PBXBuildFile; fileRef = 438102651918E65100F21042 /* CoreGraphics.framework */; };
		438102681918E65100F21042 /* UIKit.framework in Frameworks */ = {isa = PBXBuildFile; fileRef = 438102671918E65100F21042 /* UIKit.framework */; };
		4381026E1918E65100F21042 /* InfoPlist.strings in Resources */ = {isa = PBXBuildFile; fileRef = 4381026C1918E65100F21042 /* InfoPlist.strings */; };
		438102701918E65100F21042 /* main.m in Sources */ = {isa = PBXBuildFile; fileRef = 4381026F1918E65100F21042 /* main.m */; };
		438102761918E65100F21042 /* Images.xcassets in Resources */ = {isa = PBXBuildFile; fileRef = 438102751918E65100F21042 /* Images.xcassets */; };
		4381027D1918E65100F21042 /* XCTest.framework in Frameworks */ = {isa = PBXBuildFile; fileRef = 4381027C1918E65100F21042 /* XCTest.framework */; };
		4381027E1918E65100F21042 /* Foundation.framework in Frameworks */ = {isa = PBXBuildFile; fileRef = 438102631918E65100F21042 /* Foundation.framework */; };
		4381027F1918E65100F21042 /* UIKit.framework in Frameworks */ = {isa = PBXBuildFile; fileRef = 438102671918E65100F21042 /* UIKit.framework */; };
		438102871918E65100F21042 /* InfoPlist.strings in Resources */ = {isa = PBXBuildFile; fileRef = 438102851918E65100F21042 /* InfoPlist.strings */; };
		438102891918E65100F21042 /* VictoryStepTests.m in Sources */ = {isa = PBXBuildFile; fileRef = 438102881918E65100F21042 /* VictoryStepTests.m */; };
		43810295191CC9FB00F21042 /* VSAppDelegate.m in Sources */ = {isa = PBXBuildFile; fileRef = 43810294191CC9FB00F21042 /* VSAppDelegate.m */; };
		43DD653C1924511B002DD423 /* VSSlidingViewController.m in Sources */ = {isa = PBXBuildFile; fileRef = 43DD653B1924511B002DD423 /* VSSlidingViewController.m */; };
		43DD653F19245128002DD423 /* VSSlidingViewControllerDefine.m in Sources */ = {isa = PBXBuildFile; fileRef = 43DD653E19245128002DD423 /* VSSlidingViewControllerDefine.m */; };
		43DD65F61924BCBE002DD423 /* VSSlidingSegue.m in Sources */ = {isa = PBXBuildFile; fileRef = 43DD65F51924BCBE002DD423 /* VSSlidingSegue.m */; };
		43DD65FA1924BD9A002DD423 /* UIViewController+VSSlidingViewController.m in Sources */ = {isa = PBXBuildFile; fileRef = 43DD65F91924BD9A002DD423 /* UIViewController+VSSlidingViewController.m */; };
		43DD66001924C6BF002DD423 /* VSSlidingAnimationController.m in Sources */ = {isa = PBXBuildFile; fileRef = 43DD65FF1924C6BF002DD423 /* VSSlidingAnimationController.m */; };
		43DD66031925B682002DD423 /* VSPercentDrivenInteractiveTransition.m in Sources */ = {isa = PBXBuildFile; fileRef = 43DD66021925B682002DD423 /* VSPercentDrivenInteractiveTransition.m */; };
		43DD66061925DBF7002DD423 /* VSSlidingInteractiveTransition.m in Sources */ = {isa = PBXBuildFile; fileRef = 43DD66051925DBF7002DD423 /* VSSlidingInteractiveTransition.m */; };
		43F004CE193469C30099B2B3 /* VSLocalStorage.m in Sources */ = {isa = PBXBuildFile; fileRef = 43F004CD193469C30099B2B3 /* VSLocalStorage.m */; };
		43F004D019346A1C0099B2B3 /* CoreData.framework in Frameworks */ = {isa = PBXBuildFile; fileRef = 43F004CF19346A1C0099B2B3 /* CoreData.framework */; };
		43F0068519348DF20099B2B3 /* UIDevice+VSUtility.m in Sources */ = {isa = PBXBuildFile; fileRef = 43F0068419348DF20099B2B3 /* UIDevice+VSUtility.m */; };
/* End PBXBuildFile section */

/* Begin PBXContainerItemProxy section */
		438102801918E65100F21042 /* PBXContainerItemProxy */ = {
			isa = PBXContainerItemProxy;
			containerPortal = 438102581918E65100F21042 /* Project object */;
			proxyType = 1;
			remoteGlobalIDString = 4381025F1918E65100F21042;
			remoteInfo = VictoryStep;
		};
/* End PBXContainerItemProxy section */

/* Begin PBXFileReference section */
		431E4B1619343408009735CA /* VictorySteps.xcdatamodel */ = {isa = PBXFileReference; lastKnownFileType = wrapper.xcdatamodel; path = VictorySteps.xcdatamodel; sourceTree = "<group>"; };
		434DAB3D192C8D6700CA85A2 /* VSMainMenuViewController.h */ = {isa = PBXFileReference; fileEncoding = 4; lastKnownFileType = sourcecode.c.h; path = VSMainMenuViewController.h; sourceTree = "<group>"; };
		434DAB3E192C8D6700CA85A2 /* VSMainMenuViewController.m */ = {isa = PBXFileReference; fileEncoding = 4; lastKnownFileType = sourcecode.c.objc; path = VSMainMenuViewController.m; sourceTree = "<group>"; };
		434DAB3F192C8D6700CA85A2 /* VSRootViewController.h */ = {isa = PBXFileReference; fileEncoding = 4; lastKnownFileType = sourcecode.c.h; path = VSRootViewController.h; sourceTree = "<group>"; };
		434DAB40192C8D6700CA85A2 /* VSRootViewController.m */ = {isa = PBXFileReference; fileEncoding = 4; lastKnownFileType = sourcecode.c.objc; path = VSRootViewController.m; sourceTree = "<group>"; };
		436422F8193468C000C9F02C /* VSModelOccuredStep.h */ = {isa = PBXFileReference; fileEncoding = 4; lastKnownFileType = sourcecode.c.h; path = VSModelOccuredStep.h; sourceTree = "<group>"; };
		436422F9193468C000C9F02C /* VSModelOccuredStep.m */ = {isa = PBXFileReference; fileEncoding = 4; lastKnownFileType = sourcecode.c.objc; path = VSModelOccuredStep.m; sourceTree = "<group>"; };
		436422FB193468C000C9F02C /* VSModelStepSeries.h */ = {isa = PBXFileReference; fileEncoding = 4; lastKnownFileType = sourcecode.c.h; path = VSModelStepSeries.h; sourceTree = "<group>"; };
		436422FC193468C000C9F02C /* VSModelStepSeries.m */ = {isa = PBXFileReference; fileEncoding = 4; lastKnownFileType = sourcecode.c.objc; path = VSModelStepSeries.m; sourceTree = "<group>"; };
		438102601918E65100F21042 /* VictoryStep.app */ = {isa = PBXFileReference; explicitFileType = wrapper.application; includeInIndex = 0; path = VictoryStep.app; sourceTree = BUILT_PRODUCTS_DIR; };
		438102631918E65100F21042 /* Foundation.framework */ = {isa = PBXFileReference; lastKnownFileType = wrapper.framework; name = Foundation.framework; path = System/Library/Frameworks/Foundation.framework; sourceTree = SDKROOT; };
		438102651918E65100F21042 /* CoreGraphics.framework */ = {isa = PBXFileReference; lastKnownFileType = wrapper.framework; name = CoreGraphics.framework; path = System/Library/Frameworks/CoreGraphics.framework; sourceTree = SDKROOT; };
		438102671918E65100F21042 /* UIKit.framework */ = {isa = PBXFileReference; lastKnownFileType = wrapper.framework; name = UIKit.framework; path = System/Library/Frameworks/UIKit.framework; sourceTree = SDKROOT; };
		4381026B1918E65100F21042 /* VictoryStep-Info.plist */ = {isa = PBXFileReference; lastKnownFileType = text.plist.xml; path = "VictoryStep-Info.plist"; sourceTree = "<group>"; };
		4381026D1918E65100F21042 /* en */ = {isa = PBXFileReference; lastKnownFileType = text.plist.strings; name = en; path = en.lproj/InfoPlist.strings; sourceTree = "<group>"; };
		4381026F1918E65100F21042 /* main.m */ = {isa = PBXFileReference; lastKnownFileType = sourcecode.c.objc; path = main.m; sourceTree = "<group>"; };
		438102711918E65100F21042 /* VictoryStep-Prefix.pch */ = {isa = PBXFileReference; lastKnownFileType = sourcecode.c.h; path = "VictoryStep-Prefix.pch"; sourceTree = "<group>"; };
		438102751918E65100F21042 /* Images.xcassets */ = {isa = PBXFileReference; lastKnownFileType = folder.assetcatalog; path = Images.xcassets; sourceTree = "<group>"; };
		4381027B1918E65100F21042 /* VictoryStepTests.xctest */ = {isa = PBXFileReference; explicitFileType = wrapper.cfbundle; includeInIndex = 0; path = VictoryStepTests.xctest; sourceTree = BUILT_PRODUCTS_DIR; };
		4381027C1918E65100F21042 /* XCTest.framework */ = {isa = PBXFileReference; lastKnownFileType = wrapper.framework; name = XCTest.framework; path = Library/Frameworks/XCTest.framework; sourceTree = DEVELOPER_DIR; };
		438102841918E65100F21042 /* VictoryStepTests-Info.plist */ = {isa = PBXFileReference; lastKnownFileType = text.plist.xml; path = "VictoryStepTests-Info.plist"; sourceTree = "<group>"; };
		438102861918E65100F21042 /* en */ = {isa = PBXFileReference; lastKnownFileType = text.plist.strings; name = en; path = en.lproj/InfoPlist.strings; sourceTree = "<group>"; };
		438102881918E65100F21042 /* VictoryStepTests.m */ = {isa = PBXFileReference; lastKnownFileType = sourcecode.c.objc; path = VictoryStepTests.m; sourceTree = "<group>"; };
		43810293191CC9FB00F21042 /* VSAppDelegate.h */ = {isa = PBXFileReference; fileEncoding = 4; lastKnownFileType = sourcecode.c.h; path = VSAppDelegate.h; sourceTree = "<group>"; };
		43810294191CC9FB00F21042 /* VSAppDelegate.m */ = {isa = PBXFileReference; fileEncoding = 4; lastKnownFileType = sourcecode.c.objc; path = VSAppDelegate.m; sourceTree = "<group>"; };
		43DD653A1924511B002DD423 /* VSSlidingViewController.h */ = {isa = PBXFileReference; fileEncoding = 4; lastKnownFileType = sourcecode.c.h; path = VSSlidingViewController.h; sourceTree = "<group>"; };
		43DD653B1924511B002DD423 /* VSSlidingViewController.m */ = {isa = PBXFileReference; fileEncoding = 4; lastKnownFileType = sourcecode.c.objc; path = VSSlidingViewController.m; sourceTree = "<group>"; };
		43DD653D19245128002DD423 /* VSSlidingViewControllerDefine.h */ = {isa = PBXFileReference; fileEncoding = 4; lastKnownFileType = sourcecode.c.h; path = VSSlidingViewControllerDefine.h; sourceTree = "<group>"; };
		43DD653E19245128002DD423 /* VSSlidingViewControllerDefine.m */ = {isa = PBXFileReference; fileEncoding = 4; lastKnownFileType = sourcecode.c.objc; path = VSSlidingViewControllerDefine.m; sourceTree = "<group>"; };
		43DD65F41924BCBE002DD423 /* VSSlidingSegue.h */ = {isa = PBXFileReference; fileEncoding = 4; lastKnownFileType = sourcecode.c.h; path = VSSlidingSegue.h; sourceTree = "<group>"; };
		43DD65F51924BCBE002DD423 /* VSSlidingSegue.m */ = {isa = PBXFileReference; fileEncoding = 4; lastKnownFileType = sourcecode.c.objc; path = VSSlidingSegue.m; sourceTree = "<group>"; };
		43DD65F81924BD9A002DD423 /* UIViewController+VSSlidingViewController.h */ = {isa = PBXFileReference; fileEncoding = 4; lastKnownFileType = sourcecode.c.h; path = "UIViewController+VSSlidingViewController.h"; sourceTree = "<group>"; };
		43DD65F91924BD9A002DD423 /* UIViewController+VSSlidingViewController.m */ = {isa = PBXFileReference; fileEncoding = 4; lastKnownFileType = sourcecode.c.objc; path = "UIViewController+VSSlidingViewController.m"; sourceTree = "<group>"; };
		43DD65FE1924C6BF002DD423 /* VSSlidingAnimationController.h */ = {isa = PBXFileReference; fileEncoding = 4; lastKnownFileType = sourcecode.c.h; path = VSSlidingAnimationController.h; sourceTree = "<group>"; };
		43DD65FF1924C6BF002DD423 /* VSSlidingAnimationController.m */ = {isa = PBXFileReference; fileEncoding = 4; lastKnownFileType = sourcecode.c.objc; path = VSSlidingAnimationController.m; sourceTree = "<group>"; };
		43DD66011925B682002DD423 /* VSPercentDrivenInteractiveTransition.h */ = {isa = PBXFileReference; fileEncoding = 4; lastKnownFileType = sourcecode.c.h; path = VSPercentDrivenInteractiveTransition.h; sourceTree = "<group>"; };
		43DD66021925B682002DD423 /* VSPercentDrivenInteractiveTransition.m */ = {isa = PBXFileReference; fileEncoding = 4; lastKnownFileType = sourcecode.c.objc; path = VSPercentDrivenInteractiveTransition.m; sourceTree = "<group>"; };
		43DD66041925DBF7002DD423 /* VSSlidingInteractiveTransition.h */ = {isa = PBXFileReference; fileEncoding = 4; lastKnownFileType = sourcecode.c.h; path = VSSlidingInteractiveTransition.h; sourceTree = "<group>"; };
		43DD66051925DBF7002DD423 /* VSSlidingInteractiveTransition.m */ = {isa = PBXFileReference; fileEncoding = 4; lastKnownFileType = sourcecode.c.objc; path = VSSlidingInteractiveTransition.m; sourceTree = "<group>"; };
		43F004CC193469C30099B2B3 /* VSLocalStorage.h */ = {isa = PBXFileReference; fileEncoding = 4; lastKnownFileType = sourcecode.c.h; path = VSLocalStorage.h; sourceTree = "<group>"; };
		43F004CD193469C30099B2B3 /* VSLocalStorage.m */ = {isa = PBXFileReference; fileEncoding = 4; lastKnownFileType = sourcecode.c.objc; path = VSLocalStorage.m; sourceTree = "<group>"; };
		43F004CF19346A1C0099B2B3 /* CoreData.framework */ = {isa = PBXFileReference; lastKnownFileType = wrapper.framework; name = CoreData.framework; path = System/Library/Frameworks/CoreData.framework; sourceTree = SDKROOT; };
		43F0068319348DF20099B2B3 /* UIDevice+VSUtility.h */ = {isa = PBXFileReference; fileEncoding = 4; lastKnownFileType = sourcecode.c.h; path = "UIDevice+VSUtility.h"; sourceTree = "<group>"; };
		43F0068419348DF20099B2B3 /* UIDevice+VSUtility.m */ = {isa = PBXFileReference; fileEncoding = 4; lastKnownFileType = sourcecode.c.objc; path = "UIDevice+VSUtility.m"; sourceTree = "<group>"; };
/* End PBXFileReference section */

/* Begin PBXFrameworksBuildPhase section */
		4381025D1918E65100F21042 /* Frameworks */ = {
			isa = PBXFrameworksBuildPhase;
			buildActionMask = 2147483647;
			files = (
				43F004D019346A1C0099B2B3 /* CoreData.framework in Frameworks */,
				438102661918E65100F21042 /* CoreGraphics.framework in Frameworks */,
				438102681918E65100F21042 /* UIKit.framework in Frameworks */,
				438102641918E65100F21042 /* Foundation.framework in Frameworks */,
			);
			runOnlyForDeploymentPostprocessing = 0;
		};
		438102781918E65100F21042 /* Frameworks */ = {
			isa = PBXFrameworksBuildPhase;
			buildActionMask = 2147483647;
			files = (
				4381027D1918E65100F21042 /* XCTest.framework in Frameworks */,
				4381027F1918E65100F21042 /* UIKit.framework in Frameworks */,
				4381027E1918E65100F21042 /* Foundation.framework in Frameworks */,
			);
			runOnlyForDeploymentPostprocessing = 0;
		};
/* End PBXFrameworksBuildPhase section */

/* Begin PBXGroup section */
		431E4B1119341F8B009735CA /* Model */ = {
			isa = PBXGroup;
			children = (
				431E4B1519343408009735CA /* VictorySteps.xcdatamodeld */,
				436422F8193468C000C9F02C /* VSModelOccuredStep.h */,
				436422F9193468C000C9F02C /* VSModelOccuredStep.m */,
				436422FB193468C000C9F02C /* VSModelStepSeries.h */,
				436422FC193468C000C9F02C /* VSModelStepSeries.m */,
				43F004CC193469C30099B2B3 /* VSLocalStorage.h */,
				43F004CD193469C30099B2B3 /* VSLocalStorage.m */,
			);
			name = Model;
			path = src/Model;
			sourceTree = "<group>";
		};
		438102571918E65100F21042 = {
			isa = PBXGroup;
			children = (
				438102691918E65100F21042 /* VictoryStep */,
				438102821918E65100F21042 /* VictoryStepTests */,
				438102621918E65100F21042 /* Frameworks */,
				438102611918E65100F21042 /* Products */,
			);
			sourceTree = "<group>";
		};
		438102611918E65100F21042 /* Products */ = {
			isa = PBXGroup;
			children = (
				438102601918E65100F21042 /* VictoryStep.app */,
				4381027B1918E65100F21042 /* VictoryStepTests.xctest */,
			);
			name = Products;
			sourceTree = "<group>";
		};
		438102621918E65100F21042 /* Frameworks */ = {
			isa = PBXGroup;
			children = (
				43F004CF19346A1C0099B2B3 /* CoreData.framework */,
				438102631918E65100F21042 /* Foundation.framework */,
				438102651918E65100F21042 /* CoreGraphics.framework */,
				438102671918E65100F21042 /* UIKit.framework */,
				4381027C1918E65100F21042 /* XCTest.framework */,
			);
			name = Frameworks;
			sourceTree = "<group>";
		};
		438102691918E65100F21042 /* VictoryStep */ = {
			isa = PBXGroup;
			children = (
				43BE4F3D19236F5E00AF1BCA /* Component */,
				43810299191CCA5800F21042 /* Category */,
				43810298191CCA5100F21042 /* UI */,
				431E4B1119341F8B009735CA /* Model */,
				43810292191CC9CE00F21042 /* AppDelegate */,
				438102751918E65100F21042 /* Images.xcassets */,
				4381026A1918E65100F21042 /* Supporting Files */,
			);
			path = VictoryStep;
			sourceTree = "<group>";
		};
		4381026A1918E65100F21042 /* Supporting Files */ = {
			isa = PBXGroup;
			children = (
				4381026B1918E65100F21042 /* VictoryStep-Info.plist */,
				4381026C1918E65100F21042 /* InfoPlist.strings */,
				4381026F1918E65100F21042 /* main.m */,
				438102711918E65100F21042 /* VictoryStep-Prefix.pch */,
			);
			name = "Supporting Files";
			sourceTree = "<group>";
		};
		438102821918E65100F21042 /* VictoryStepTests */ = {
			isa = PBXGroup;
			children = (
				438102881918E65100F21042 /* VictoryStepTests.m */,
				438102831918E65100F21042 /* Supporting Files */,
			);
			path = VictoryStepTests;
			sourceTree = "<group>";
		};
		438102831918E65100F21042 /* Supporting Files */ = {
			isa = PBXGroup;
			children = (
				438102841918E65100F21042 /* VictoryStepTests-Info.plist */,
				438102851918E65100F21042 /* InfoPlist.strings */,
			);
			name = "Supporting Files";
			sourceTree = "<group>";
		};
		43810292191CC9CE00F21042 /* AppDelegate */ = {
			isa = PBXGroup;
			children = (
				43810293191CC9FB00F21042 /* VSAppDelegate.h */,
				43810294191CC9FB00F21042 /* VSAppDelegate.m */,
			);
			name = AppDelegate;
			path = src/AppDelegate;
			sourceTree = "<group>";
		};
		43810298191CCA5100F21042 /* UI */ = {
			isa = PBXGroup;
			children = (
				434DAB3F192C8D6700CA85A2 /* VSRootViewController.h */,
				434DAB40192C8D6700CA85A2 /* VSRootViewController.m */,
				434DAB3D192C8D6700CA85A2 /* VSMainMenuViewController.h */,
				434DAB3E192C8D6700CA85A2 /* VSMainMenuViewController.m */,
			);
			name = UI;
			path = src/UI;
			sourceTree = "<group>";
		};
		43810299191CCA5800F21042 /* Category */ = {
			isa = PBXGroup;
			children = (
				43F0068319348DF20099B2B3 /* UIDevice+VSUtility.h */,
				43F0068419348DF20099B2B3 /* UIDevice+VSUtility.m */,
			);
			name = Category;
			path = src/Category;
			sourceTree = "<group>";
		};
		43BE4F3D19236F5E00AF1BCA /* Component */ = {
			isa = PBXGroup;
			children = (
				43BE4F3E19236FD700AF1BCA /* SlidingViewController */,
			);
			name = Component;
			path = src/Component;
			sourceTree = "<group>";
		};
		43BE4F3E19236FD700AF1BCA /* SlidingViewController */ = {
			isa = PBXGroup;
			children = (
				43DD653A1924511B002DD423 /* VSSlidingViewController.h */,
				43DD653B1924511B002DD423 /* VSSlidingViewController.m */,
				43DD653D19245128002DD423 /* VSSlidingViewControllerDefine.h */,
				43DD653E19245128002DD423 /* VSSlidingViewControllerDefine.m */,
				43DD65F41924BCBE002DD423 /* VSSlidingSegue.h */,
				43DD65F51924BCBE002DD423 /* VSSlidingSegue.m */,
				43DD65F81924BD9A002DD423 /* UIViewController+VSSlidingViewController.h */,
				43DD65F91924BD9A002DD423 /* UIViewController+VSSlidingViewController.m */,
				43DD65FE1924C6BF002DD423 /* VSSlidingAnimationController.h */,
				43DD65FF1924C6BF002DD423 /* VSSlidingAnimationController.m */,
				43DD66011925B682002DD423 /* VSPercentDrivenInteractiveTransition.h */,
				43DD66021925B682002DD423 /* VSPercentDrivenInteractiveTransition.m */,
				43DD66041925DBF7002DD423 /* VSSlidingInteractiveTransition.h */,
				43DD66051925DBF7002DD423 /* VSSlidingInteractiveTransition.m */,
			);
			path = SlidingViewController;
			sourceTree = "<group>";
		};
/* End PBXGroup section */

/* Begin PBXNativeTarget section */
		4381025F1918E65100F21042 /* VictoryStep */ = {
			isa = PBXNativeTarget;
			buildConfigurationList = 4381028C1918E65100F21042 /* Build configuration list for PBXNativeTarget "VictoryStep" */;
			buildPhases = (
				4381025C1918E65100F21042 /* Sources */,
				4381025D1918E65100F21042 /* Frameworks */,
				4381025E1918E65100F21042 /* Resources */,
			);
			buildRules = (
			);
			dependencies = (
			);
			name = VictoryStep;
			productName = VictoryStep;
			productReference = 438102601918E65100F21042 /* VictoryStep.app */;
			productType = "com.apple.product-type.application";
		};
		4381027A1918E65100F21042 /* VictoryStepTests */ = {
			isa = PBXNativeTarget;
			buildConfigurationList = 4381028F1918E65100F21042 /* Build configuration list for PBXNativeTarget "VictoryStepTests" */;
			buildPhases = (
				438102771918E65100F21042 /* Sources */,
				438102781918E65100F21042 /* Frameworks */,
				438102791918E65100F21042 /* Resources */,
			);
			buildRules = (
			);
			dependencies = (
				438102811918E65100F21042 /* PBXTargetDependency */,
			);
			name = VictoryStepTests;
			productName = VictoryStepTests;
			productReference = 4381027B1918E65100F21042 /* VictoryStepTests.xctest */;
			productType = "com.apple.product-type.bundle.unit-test";
		};
/* End PBXNativeTarget section */

/* Begin PBXProject section */
		438102581918E65100F21042 /* Project object */ = {
			isa = PBXProject;
			attributes = {
				CLASSPREFIX = VS;
				LastUpgradeCheck = 0510;
				ORGANIZATIONNAME = StevenZhuang;
				TargetAttributes = {
					4381025F1918E65100F21042 = {
						DevelopmentTeam = 8KAN7459GD;
					};
					4381027A1918E65100F21042 = {
						TestTargetID = 4381025F1918E65100F21042;
					};
				};
			};
			buildConfigurationList = 4381025B1918E65100F21042 /* Build configuration list for PBXProject "VictoryStep" */;
			compatibilityVersion = "Xcode 3.2";
			developmentRegion = English;
			hasScannedForEncodings = 0;
			knownRegions = (
				en,
			);
			mainGroup = 438102571918E65100F21042;
			productRefGroup = 438102611918E65100F21042 /* Products */;
			projectDirPath = "";
			projectRoot = "";
			targets = (
				4381025F1918E65100F21042 /* VictoryStep */,
				4381027A1918E65100F21042 /* VictoryStepTests */,
			);
		};
/* End PBXProject section */

/* Begin PBXResourcesBuildPhase section */
		4381025E1918E65100F21042 /* Resources */ = {
			isa = PBXResourcesBuildPhase;
			buildActionMask = 2147483647;
			files = (
				4381026E1918E65100F21042 /* InfoPlist.strings in Resources */,
				438102761918E65100F21042 /* Images.xcassets in Resources */,
			);
			runOnlyForDeploymentPostprocessing = 0;
		};
		438102791918E65100F21042 /* Resources */ = {
			isa = PBXResourcesBuildPhase;
			buildActionMask = 2147483647;
			files = (
				438102871918E65100F21042 /* InfoPlist.strings in Resources */,
			);
			runOnlyForDeploymentPostprocessing = 0;
		};
/* End PBXResourcesBuildPhase section */

/* Begin PBXSourcesBuildPhase section */
		4381025C1918E65100F21042 /* Sources */ = {
			isa = PBXSourcesBuildPhase;
			buildActionMask = 2147483647;
			files = (
				43DD66001924C6BF002DD423 /* VSSlidingAnimationController.m in Sources */,
				438102701918E65100F21042 /* main.m in Sources */,
				43DD66031925B682002DD423 /* VSPercentDrivenInteractiveTransition.m in Sources */,
				434DAB41192C8D6700CA85A2 /* VSMainMenuViewController.m in Sources */,
				43DD653C1924511B002DD423 /* VSSlidingViewController.m in Sources */,
				43F0068519348DF20099B2B3 /* UIDevice+VSUtility.m in Sources */,
				43DD65FA1924BD9A002DD423 /* UIViewController+VSSlidingViewController.m in Sources */,
				43810295191CC9FB00F21042 /* VSAppDelegate.m in Sources */,
				436422FD193468C000C9F02C /* VSModelStepSeries.m in Sources */,
				43DD653F19245128002DD423 /* VSSlidingViewControllerDefine.m in Sources */,
				431E4B1719343408009735CA /* VictorySteps.xcdatamodeld in Sources */,
				436422FA193468C000C9F02C /* VSModelOccuredStep.m in Sources */,
				43DD66061925DBF7002DD423 /* VSSlidingInteractiveTransition.m in Sources */,
				43F004CE193469C30099B2B3 /* VSLocalStorage.m in Sources */,
				43DD65F61924BCBE002DD423 /* VSSlidingSegue.m in Sources */,
				434DAB42192C8D6700CA85A2 /* VSRootViewController.m in Sources */,
			);
			runOnlyForDeploymentPostprocessing = 0;
		};
		438102771918E65100F21042 /* Sources */ = {
			isa = PBXSourcesBuildPhase;
			buildActionMask = 2147483647;
			files = (
				438102891918E65100F21042 /* VictoryStepTests.m in Sources */,
			);
			runOnlyForDeploymentPostprocessing = 0;
		};
/* End PBXSourcesBuildPhase section */

/* Begin PBXTargetDependency section */
		438102811918E65100F21042 /* PBXTargetDependency */ = {
			isa = PBXTargetDependency;
			target = 4381025F1918E65100F21042 /* VictoryStep */;
			targetProxy = 438102801918E65100F21042 /* PBXContainerItemProxy */;
		};
/* End PBXTargetDependency section */

/* Begin PBXVariantGroup section */
		4381026C1918E65100F21042 /* InfoPlist.strings */ = {
			isa = PBXVariantGroup;
			children = (
				4381026D1918E65100F21042 /* en */,
			);
			name = InfoPlist.strings;
			sourceTree = "<group>";
		};
		438102851918E65100F21042 /* InfoPlist.strings */ = {
			isa = PBXVariantGroup;
			children = (
				438102861918E65100F21042 /* en */,
			);
			name = InfoPlist.strings;
			sourceTree = "<group>";
		};
/* End PBXVariantGroup section */

/* Begin XCBuildConfiguration section */
		4381028A1918E65100F21042 /* Debug */ = {
			isa = XCBuildConfiguration;
			buildSettings = {
				ALWAYS_SEARCH_USER_PATHS = NO;
				CLANG_CXX_LANGUAGE_STANDARD = "gnu++0x";
				CLANG_CXX_LIBRARY = "libc++";
				CLANG_ENABLE_MODULES = YES;
				CLANG_ENABLE_OBJC_ARC = YES;
				CLANG_WARN_BOOL_CONVERSION = YES;
				CLANG_WARN_CONSTANT_CONVERSION = YES;
				CLANG_WARN_DIRECT_OBJC_ISA_USAGE = YES_ERROR;
				CLANG_WARN_EMPTY_BODY = YES;
				CLANG_WARN_ENUM_CONVERSION = YES;
				CLANG_WARN_INT_CONVERSION = YES;
				CLANG_WARN_OBJC_ROOT_CLASS = YES_ERROR;
				CLANG_WARN__DUPLICATE_METHOD_MATCH = YES;
				"CODE_SIGN_IDENTITY[sdk=iphoneos*]" = "iPhone Developer";
				COPY_PHASE_STRIP = NO;
				GCC_C_LANGUAGE_STANDARD = gnu99;
				GCC_DYNAMIC_NO_PIC = NO;
				GCC_OPTIMIZATION_LEVEL = 0;
				GCC_PREPROCESSOR_DEFINITIONS = (
					"DEBUG=1",
					"$(inherited)",
				);
				GCC_SYMBOLS_PRIVATE_EXTERN = NO;
				GCC_WARN_64_TO_32_BIT_CONVERSION = YES;
				GCC_WARN_ABOUT_RETURN_TYPE = YES_ERROR;
				GCC_WARN_UNDECLARED_SELECTOR = YES;
				GCC_WARN_UNINITIALIZED_AUTOS = YES_AGGRESSIVE;
				GCC_WARN_UNUSED_FUNCTION = YES;
				GCC_WARN_UNUSED_VARIABLE = YES;
				HEADER_SEARCH_PATHS = (
					"$(inherited)",
					/Applications/Xcode.app/Contents/Developer/Toolchains/XcodeDefault.xctoolchain/usr/include,
					"($SRC)/src/Component",
					"($SRC)/src/Model",
					"($SRC)/src/Category",
					"($SRC)/src/AppDelegate",
					"($SRC)/src/UI",
				);
				IPHONEOS_DEPLOYMENT_TARGET = 7.1;
				ONLY_ACTIVE_ARCH = YES;
				SDKROOT = iphoneos;
				TARGETED_DEVICE_FAMILY = "1,2";
			};
			name = Debug;
		};
		4381028B1918E65100F21042 /* Release */ = {
			isa = XCBuildConfiguration;
			buildSettings = {
				ALWAYS_SEARCH_USER_PATHS = NO;
				CLANG_CXX_LANGUAGE_STANDARD = "gnu++0x";
				CLANG_CXX_LIBRARY = "libc++";
				CLANG_ENABLE_MODULES = YES;
				CLANG_ENABLE_OBJC_ARC = YES;
				CLANG_WARN_BOOL_CONVERSION = YES;
				CLANG_WARN_CONSTANT_CONVERSION = YES;
				CLANG_WARN_DIRECT_OBJC_ISA_USAGE = YES_ERROR;
				CLANG_WARN_EMPTY_BODY = YES;
				CLANG_WARN_ENUM_CONVERSION = YES;
				CLANG_WARN_INT_CONVERSION = YES;
				CLANG_WARN_OBJC_ROOT_CLASS = YES_ERROR;
				CLANG_WARN__DUPLICATE_METHOD_MATCH = YES;
				"CODE_SIGN_IDENTITY[sdk=iphoneos*]" = "iPhone Developer";
				COPY_PHASE_STRIP = YES;
				ENABLE_NS_ASSERTIONS = NO;
				GCC_C_LANGUAGE_STANDARD = gnu99;
				GCC_WARN_64_TO_32_BIT_CONVERSION = YES;
				GCC_WARN_ABOUT_RETURN_TYPE = YES_ERROR;
				GCC_WARN_UNDECLARED_SELECTOR = YES;
				GCC_WARN_UNINITIALIZED_AUTOS = YES_AGGRESSIVE;
				GCC_WARN_UNUSED_FUNCTION = YES;
				GCC_WARN_UNUSED_VARIABLE = YES;
				HEADER_SEARCH_PATHS = (
					"$(inherited)",
					/Applications/Xcode.app/Contents/Developer/Toolchains/XcodeDefault.xctoolchain/usr/include,
					"($SRC)/src/Component",
					"($SRC)/src/Model",
					"($SRC)/src/Category",
					"($SRC)/src/AppDelegate",
					"($SRC)/src/UI",
				);
				IPHONEOS_DEPLOYMENT_TARGET = 7.1;
				SDKROOT = iphoneos;
				TARGETED_DEVICE_FAMILY = "1,2";
				VALIDATE_PRODUCT = YES;
			};
			name = Release;
		};
		4381028D1918E65100F21042 /* Debug */ = {
			isa = XCBuildConfiguration;
			buildSettings = {
				ASSETCATALOG_COMPILER_APPICON_NAME = AppIcon;
				ASSETCATALOG_COMPILER_LAUNCHIMAGE_NAME = LaunchImage;
				CODE_SIGN_IDENTITY = "iPhone Developer";
				"CODE_SIGN_IDENTITY[sdk=iphoneos*]" = "iPhone Developer";
				GCC_PRECOMPILE_PREFIX_HEADER = YES;
				GCC_PREFIX_HEADER = "VictoryStep/VictoryStep-Prefix.pch";
				INFOPLIST_FILE = "VictoryStep/VictoryStep-Info.plist";
				IPHONEOS_DEPLOYMENT_TARGET = 7.1;
				PRODUCT_NAME = "$(TARGET_NAME)";
				PROVISIONING_PROFILE = "";
				TARGETED_DEVICE_FAMILY = 2;
				WRAPPER_EXTENSION = app;
			};
			name = Debug;
		};
		4381028E1918E65100F21042 /* Release */ = {
			isa = XCBuildConfiguration;
			buildSettings = {
				ASSETCATALOG_COMPILER_APPICON_NAME = AppIcon;
				ASSETCATALOG_COMPILER_LAUNCHIMAGE_NAME = LaunchImage;
				CODE_SIGN_IDENTITY = "iPhone Developer";
				"CODE_SIGN_IDENTITY[sdk=iphoneos*]" = "iPhone Developer";
				GCC_PRECOMPILE_PREFIX_HEADER = YES;
				GCC_PREFIX_HEADER = "VictoryStep/VictoryStep-Prefix.pch";
				INFOPLIST_FILE = "VictoryStep/VictoryStep-Info.plist";
				IPHONEOS_DEPLOYMENT_TARGET = 7.1;
				PRODUCT_NAME = "$(TARGET_NAME)";
				PROVISIONING_PROFILE = "";
				TARGETED_DEVICE_FAMILY = 2;
				WRAPPER_EXTENSION = app;
			};
			name = Release;
		};
		438102901918E65100F21042 /* Debug */ = {
			isa = XCBuildConfiguration;
			buildSettings = {
				BUNDLE_LOADER = "$(BUILT_PRODUCTS_DIR)/VictoryStep.app/VictoryStep";
				FRAMEWORK_SEARCH_PATHS = (
					"$(SDKROOT)/Developer/Library/Frameworks",
					"$(inherited)",
					"$(DEVELOPER_FRAMEWORKS_DIR)",
				);
				GCC_PRECOMPILE_PREFIX_HEADER = YES;
				GCC_PREFIX_HEADER = "VictoryStep/VictoryStep-Prefix.pch";
				GCC_PREPROCESSOR_DEFINITIONS = (
					"DEBUG=1",
					"$(inherited)",
				);
				INFOPLIST_FILE = "VictoryStepTests/VictoryStepTests-Info.plist";
				PRODUCT_NAME = "$(TARGET_NAME)";
				TEST_HOST = "$(BUNDLE_LOADER)";
				WRAPPER_EXTENSION = xctest;
			};
			name = Debug;
		};
		438102911918E65100F21042 /* Release */ = {
			isa = XCBuildConfiguration;
			buildSettings = {
				BUNDLE_LOADER = "$(BUILT_PRODUCTS_DIR)/VictoryStep.app/VictoryStep";
				FRAMEWORK_SEARCH_PATHS = (
					"$(SDKROOT)/Developer/Library/Frameworks",
					"$(inherited)",
					"$(DEVELOPER_FRAMEWORKS_DIR)",
				);
				GCC_PRECOMPILE_PREFIX_HEADER = YES;
				GCC_PREFIX_HEADER = "VictoryStep/VictoryStep-Prefix.pch";
				INFOPLIST_FILE = "VictoryStepTests/VictoryStepTests-Info.plist";
				PRODUCT_NAME = "$(TARGET_NAME)";
				TEST_HOST = "$(BUNDLE_LOADER)";
				WRAPPER_EXTENSION = xctest;
			};
			name = Release;
		};
/* End XCBuildConfiguration section */

/* Begin XCConfigurationList section */
		4381025B1918E65100F21042 /* Build configuration list for PBXProject "VictoryStep" */ = {
			isa = XCConfigurationList;
			buildConfigurations = (
				4381028A1918E65100F21042 /* Debug */,
				4381028B1918E65100F21042 /* Release */,
			);
			defaultConfigurationIsVisible = 0;
			defaultConfigurationName = Release;
		};
		4381028C1918E65100F21042 /* Build configuration list for PBXNativeTarget "VictoryStep" */ = {
			isa = XCConfigurationList;
			buildConfigurations = (
				4381028D1918E65100F21042 /* Debug */,
				4381028E1918E65100F21042 /* Release */,
			);
			defaultConfigurationIsVisible = 0;
			defaultConfigurationName = Release;
		};
		4381028F1918E65100F21042 /* Build configuration list for PBXNativeTarget "VictoryStepTests" */ = {
			isa = XCConfigurationList;
			buildConfigurations = (
				438102901918E65100F21042 /* Debug */,
				438102911918E65100F21042 /* Release */,
			);
			defaultConfigurationIsVisible = 0;
			defaultConfigurationName = Release;
		};
/* End XCConfigurationList section */

/* Begin XCVersionGroup section */
		431E4B1519343408009735CA /* VictorySteps.xcdatamodeld */ = {
			isa = XCVersionGroup;
			children = (
				431E4B1619343408009735CA /* VictorySteps.xcdatamodel */,
			);
			currentVersion = 431E4B1619343408009735CA /* VictorySteps.xcdatamodel */;
			path = VictorySteps.xcdatamodeld;
			sourceTree = "<group>";
			versionGroupType = wrapper.xcdatamodel;
		};
/* End XCVersionGroup section */
	};
	rootObject = 438102581918E65100F21042 /* Project object */;
}
